
Microsoft Visual Studio Solution File, Format Version 12.00
# Visual Studio Version 17
VisualStudioVersion = 17.10.35004.147
MinimumVisualStudioVersion = 10.0.40219.1
Project("{9A19103F-16F7-4668-BE54-9A1E7A4F7556}") = "BankingApp", "BankingApp\BankingApp.csproj", "{7CD62332-3465-4686-82BB-D26B25197F6B}"
EndProject
Project("{9A19103F-16F7-4668-BE54-9A1E7A4F7556}") = "BankingApp.Core", "BankingApp.Core\BankingApp.Core.csproj", "{DD660B23-BAD1-4E59-AC10-483B0AF5176C}"
EndProject
Project("{9A19103F-16F7-4668-BE54-9A1E7A4F7556}") = "BankingApp.Persistence", "BankingApp.Persistence\BankingApp.Persistence.csproj", "{7DE77978-6186-4104-A32C-8C5DADBDEDD0}"
EndProject
Project("{9A19103F-16F7-4668-BE54-9A1E7A4F7556}") = "BankingApp.Application", "BankingApp.Application\BankingApp.Application.csproj", "{7B90EE7F-B384-416E-8589-4882AFEF4A73}"
EndProject
Project("{2150E333-8FDC-42A3-9474-1A3956D46DE8}") = "Tests", "Tests", "{498FB8BC-1EB4-451E-B659-D92C73A4FDCA}"
EndProject
Project("{2150E333-8FDC-42A3-9474-1A3956D46DE8}") = "Xunit", "Xunit", "{B42B2B8D-94E6-4DB9-ADFB-067A70AA64E3}"
EndProject
Project("{FAE04EC0-301F-11D3-BF4B-00C04F79EFBC}") = "AccountTests", "AccountTests\AccountTests.csproj", "{762AC89C-E34D-4D15-8AF8-7699A1B424A4}"
EndProject
Global
	GlobalSection(SolutionConfigurationPlatforms) = preSolution
		Debug|Any CPU = Debug|Any CPU
		Release|Any CPU = Release|Any CPU
	EndGlobalSection
	GlobalSection(ProjectConfigurationPlatforms) = postSolution
		{7CD62332-3465-4686-82BB-D26B25197F6B}.Debug|Any CPU.ActiveCfg = Debug|Any CPU
		{7CD62332-3465-4686-82BB-D26B25197F6B}.Debug|Any CPU.Build.0 = Debug|Any CPU
		{7CD62332-3465-4686-82BB-D26B25197F6B}.Release|Any CPU.ActiveCfg = Release|Any CPU
		{7CD62332-3465-4686-82BB-D26B25197F6B}.Release|Any CPU.Build.0 = Release|Any CPU
		{DD660B23-BAD1-4E59-AC10-483B0AF5176C}.Debug|Any CPU.ActiveCfg = Debug|Any CPU
		{DD660B23-BAD1-4E59-AC10-483B0AF5176C}.Debug|Any CPU.Build.0 = Debug|Any CPU
		{DD660B23-BAD1-4E59-AC10-483B0AF5176C}.Release|Any CPU.ActiveCfg = Release|Any CPU
		{DD660B23-BAD1-4E59-AC10-483B0AF5176C}.Release|Any CPU.Build.0 = Release|Any CPU
		{7DE77978-6186-4104-A32C-8C5DADBDEDD0}.Debug|Any CPU.ActiveCfg = Debug|Any CPU
		{7DE77978-6186-4104-A32C-8C5DADBDEDD0}.Debug|Any CPU.Build.0 = Debug|Any CPU
		{7DE77978-6186-4104-A32C-8C5DADBDEDD0}.Release|Any CPU.ActiveCfg = Release|Any CPU
		{7DE77978-6186-4104-A32C-8C5DADBDEDD0}.Release|Any CPU.Build.0 = Release|Any CPU
		{7B90EE7F-B384-416E-8589-4882AFEF4A73}.Debug|Any CPU.ActiveCfg = Debug|Any CPU
		{7B90EE7F-B384-416E-8589-4882AFEF4A73}.Debug|Any CPU.Build.0 = Debug|Any CPU
		{7B90EE7F-B384-416E-8589-4882AFEF4A73}.Release|Any CPU.ActiveCfg = Release|Any CPU
		{7B90EE7F-B384-416E-8589-4882AFEF4A73}.Release|Any CPU.Build.0 = Release|Any CPU
		{762AC89C-E34D-4D15-8AF8-7699A1B424A4}.Debug|Any CPU.ActiveCfg = Debug|Any CPU
		{762AC89C-E34D-4D15-8AF8-7699A1B424A4}.Debug|Any CPU.Build.0 = Debug|Any CPU
		{762AC89C-E34D-4D15-8AF8-7699A1B424A4}.Release|Any CPU.ActiveCfg = Release|Any CPU
		{762AC89C-E34D-4D15-8AF8-7699A1B424A4}.Release|Any CPU.Build.0 = Release|Any CPU
	EndGlobalSection
	GlobalSection(SolutionProperties) = preSolution
		HideSolutionNode = FALSE
	EndGlobalSection
	GlobalSection(NestedProjects) = preSolution
		{B42B2B8D-94E6-4DB9-ADFB-067A70AA64E3} = {498FB8BC-1EB4-451E-B659-D92C73A4FDCA}
		{762AC89C-E34D-4D15-8AF8-7699A1B424A4} = {B42B2B8D-94E6-4DB9-ADFB-067A70AA64E3}
	EndGlobalSection
	GlobalSection(ExtensibilityGlobals) = postSolution
		SolutionGuid = {4F279E07-1E1C-4721-8044-9AD3E7B6CE21}
	EndGlobalSection
EndGlobal
